
Microsoft Visual Studio Solution File, Format Version 12.00
# Visual Studio Version 16
VisualStudioVersion = 16.0.30804.86
MinimumVisualStudioVersion = 10.0.40219.1
Project("{FAE04EC0-301F-11D3-BF4B-00C04F79EFBC}") = "DockerCore", "DockerCore\DockerCore.csproj", "{507B9927-F27C-4A9E-9512-9BE37F222F0B}"
EndProject
Project("{FAE04EC0-301F-11D3-BF4B-00C04F79EFBC}") = "DockerCore.Cross", "DockerCore.Cross\DockerCore.Cross.csproj", "{BBB966AB-69E4-470B-893E-E3BEA28CD84E}"
EndProject
Project("{FAE04EC0-301F-11D3-BF4B-00C04F79EFBC}") = "DockerCore.Business", "DockerCore.Business\DockerCore.Business.csproj", "{A43B89D1-50AA-44E9-8062-5555643BB1D3}"
EndProject
Project("{FAE04EC0-301F-11D3-BF4B-00C04F79EFBC}") = "DockerCore.Cache", "DockerCore.Cache\DockerCore.Cache.csproj", "{5966610C-2BCB-469F-B500-F5778DE42D58}"
EndProject
Project("{FAE04EC0-301F-11D3-BF4B-00C04F79EFBC}") = "DockerCore.Data", "DockerCore.Data\DockerCore.Data.csproj", "{837C29FB-BE14-4F9D-8E60-2B539A0902DB}"
EndProject
Global
	GlobalSection(SolutionConfigurationPlatforms) = preSolution
		Debug|Any CPU = Debug|Any CPU
		Release|Any CPU = Release|Any CPU
	EndGlobalSection
	GlobalSection(ProjectConfigurationPlatforms) = postSolution
		{507B9927-F27C-4A9E-9512-9BE37F222F0B}.Debug|Any CPU.ActiveCfg = Debug|Any CPU
		{507B9927-F27C-4A9E-9512-9BE37F222F0B}.Debug|Any CPU.Build.0 = Debug|Any CPU
		{507B9927-F27C-4A9E-9512-9BE37F222F0B}.Release|Any CPU.ActiveCfg = Release|Any CPU
		{507B9927-F27C-4A9E-9512-9BE37F222F0B}.Release|Any CPU.Build.0 = Release|Any CPU
		{BBB966AB-69E4-470B-893E-E3BEA28CD84E}.Debug|Any CPU.ActiveCfg = Debug|Any CPU
		{BBB966AB-69E4-470B-893E-E3BEA28CD84E}.Debug|Any CPU.Build.0 = Debug|Any CPU
		{BBB966AB-69E4-470B-893E-E3BEA28CD84E}.Release|Any CPU.ActiveCfg = Release|Any CPU
		{BBB966AB-69E4-470B-893E-E3BEA28CD84E}.Release|Any CPU.Build.0 = Release|Any CPU
		{A43B89D1-50AA-44E9-8062-5555643BB1D3}.Debug|Any CPU.ActiveCfg = Debug|Any CPU
		{A43B89D1-50AA-44E9-8062-5555643BB1D3}.Debug|Any CPU.Build.0 = Debug|Any CPU
		{A43B89D1-50AA-44E9-8062-5555643BB1D3}.Release|Any CPU.ActiveCfg = Release|Any CPU
		{A43B89D1-50AA-44E9-8062-5555643BB1D3}.Release|Any CPU.Build.0 = Release|Any CPU
		{5966610C-2BCB-469F-B500-F5778DE42D58}.Debug|Any CPU.ActiveCfg = Debug|Any CPU
		{5966610C-2BCB-469F-B500-F5778DE42D58}.Debug|Any CPU.Build.0 = Debug|Any CPU
		{5966610C-2BCB-469F-B500-F5778DE42D58}.Release|Any CPU.ActiveCfg = Release|Any CPU
		{5966610C-2BCB-469F-B500-F5778DE42D58}.Release|Any CPU.Build.0 = Release|Any CPU
		{837C29FB-BE14-4F9D-8E60-2B539A0902DB}.Debug|Any CPU.ActiveCfg = Debug|Any CPU
		{837C29FB-BE14-4F9D-8E60-2B539A0902DB}.Debug|Any CPU.Build.0 = Debug|Any CPU
		{837C29FB-BE14-4F9D-8E60-2B539A0902DB}.Release|Any CPU.ActiveCfg = Release|Any CPU
		{837C29FB-BE14-4F9D-8E60-2B539A0902DB}.Release|Any CPU.Build.0 = Release|Any CPU
	EndGlobalSection
	GlobalSection(SolutionProperties) = preSolution
		HideSolutionNode = FALSE
	EndGlobalSection
	GlobalSection(ExtensibilityGlobals) = postSolution
		SolutionGuid = {438AF3C9-5DBA-4089-AC2D-4393FD710ED6}
	EndGlobalSection
EndGlobal
